
Microsoft Visual Studio Solution File, Format Version 12.00
# Visual Studio Version 16
VisualStudioVersion = 16.0.30128.74
MinimumVisualStudioVersion = 10.0.40219.1
Project("{FAE04EC0-301F-11D3-BF4B-00C04F79EFBC}") = "Akhil.ProcessOrdersBRE", "Akhil.OrderProcessingBRE\Akhil.ProcessOrdersBRE.csproj", "{700A77D0-4DD8-4262-A7A9-7ECECF23B65C}"
EndProject
Project("{FAE04EC0-301F-11D3-BF4B-00C04F79EFBC}") = "Akhil.ProcessOrdersBRE.UnitTest", "Akhil.ProcessOrdersBRE.UnitTest\Akhil.ProcessOrdersBRE.UnitTest.csproj", "{EE8810ED-5CDE-42FA-9BC7-C009D80F8D06}"
EndProject
Project("{FAE04EC0-301F-11D3-BF4B-00C04F79EFBC}") = "Akhil.ProcessOrders.Web", "Akhil.ProcessOrders.Web\Akhil.ProcessOrders.Web.csproj", "{59C16C39-4872-4533-8F42-2FC0C6387396}"
EndProject
Global
	GlobalSection(SolutionConfigurationPlatforms) = preSolution
		Debug|Any CPU = Debug|Any CPU
		Release|Any CPU = Release|Any CPU
	EndGlobalSection
	GlobalSection(ProjectConfigurationPlatforms) = postSolution
		{700A77D0-4DD8-4262-A7A9-7ECECF23B65C}.Debug|Any CPU.ActiveCfg = Debug|Any CPU
		{700A77D0-4DD8-4262-A7A9-7ECECF23B65C}.Debug|Any CPU.Build.0 = Debug|Any CPU
		{700A77D0-4DD8-4262-A7A9-7ECECF23B65C}.Release|Any CPU.ActiveCfg = Release|Any CPU
		{700A77D0-4DD8-4262-A7A9-7ECECF23B65C}.Release|Any CPU.Build.0 = Release|Any CPU
		{EE8810ED-5CDE-42FA-9BC7-C009D80F8D06}.Debug|Any CPU.ActiveCfg = Debug|Any CPU
		{EE8810ED-5CDE-42FA-9BC7-C009D80F8D06}.Debug|Any CPU.Build.0 = Debug|Any CPU
		{EE8810ED-5CDE-42FA-9BC7-C009D80F8D06}.Release|Any CPU.ActiveCfg = Release|Any CPU
		{EE8810ED-5CDE-42FA-9BC7-C009D80F8D06}.Release|Any CPU.Build.0 = Release|Any CPU
		{59C16C39-4872-4533-8F42-2FC0C6387396}.Debug|Any CPU.ActiveCfg = Debug|Any CPU
		{59C16C39-4872-4533-8F42-2FC0C6387396}.Debug|Any CPU.Build.0 = Debug|Any CPU
		{59C16C39-4872-4533-8F42-2FC0C6387396}.Release|Any CPU.ActiveCfg = Release|Any CPU
		{59C16C39-4872-4533-8F42-2FC0C6387396}.Release|Any CPU.Build.0 = Release|Any CPU
	EndGlobalSection
	GlobalSection(SolutionProperties) = preSolution
		HideSolutionNode = FALSE
	EndGlobalSection
	GlobalSection(ExtensibilityGlobals) = postSolution
		SolutionGuid = {024165A2-DA6C-42FE-9C49-4CA2685E8318}
	EndGlobalSection
EndGlobal
